// !$*UTF8*$!
{
	archiveVersion = 1;
	classes = {
	};
	objectVersion = 46;
	objects = {

/* Begin PBXBuildFile section */
		B615F9C41E76ED2D00AC681A /* main.m in Sources */ = {isa = PBXBuildFile; fileRef = B615F9C31E76ED2D00AC681A /* main.m */; };
		B615F9CF1E76EDA600AC681A /* ClassNode.m in Sources */ = {isa = PBXBuildFile; fileRef = B615F9CE1E76EDA600AC681A /* ClassNode.m */; };
		B615F9D21E76F1DA00AC681A /* ClassManager.m in Sources */ = {isa = PBXBuildFile; fileRef = B615F9D11E76F1DA00AC681A /* ClassManager.m */; };
/* End PBXBuildFile section */

/* Begin PBXCopyFilesBuildPhase section */
		B615F9BE1E76ED2D00AC681A /* CopyFiles */ = {
			isa = PBXCopyFilesBuildPhase;
			buildActionMask = 2147483647;
			dstPath = /usr/share/man/man1/;
			dstSubfolderSpec = 0;
			files = (
			);
			runOnlyForDeploymentPostprocessing = 1;
		};
/* End PBXCopyFilesBuildPhase section */

/* Begin PBXFileReference section */
		B615F9C01E76ED2D00AC681A /* ObjcClassTree */ = {isa = PBXFileReference; explicitFileType = "compiled.mach-o.executable"; includeInIndex = 0; path = ObjcClassTree; sourceTree = BUILT_PRODUCTS_DIR; };
		B615F9C31E76ED2D00AC681A /* main.m */ = {isa = PBXFileReference; lastKnownFileType = sourcecode.c.objc; path = main.m; sourceTree = "<group>"; };
		B615F9CD1E76EDA600AC681A /* ClassNode.h */ = {isa = PBXFileReference; fileEncoding = 4; lastKnownFileType = sourcecode.c.h; path = ClassNode.h; sourceTree = "<group>"; };
		B615F9CE1E76EDA600AC681A /* ClassNode.m */ = {isa = PBXFileReference; fileEncoding = 4; lastKnownFileType = sourcecode.c.objc; path = ClassNode.m; sourceTree = "<group>"; };
		B615F9D01E76F1DA00AC681A /* ClassManager.h */ = {isa = PBXFileReference; fileEncoding = 4; lastKnownFileType = sourcecode.c.h; path = ClassManager.h; sourceTree = "<group>"; };
		B615F9D11E76F1DA00AC681A /* ClassManager.m */ = {isa = PBXFileReference; fileEncoding = 4; lastKnownFileType = sourcecode.c.objc; path = ClassManager.m; sourceTree = "<group>"; };
/* End PBXFileReference section */

/* Begin PBXFrameworksBuildPhase section */
		B615F9BD1E76ED2D00AC681A /* Frameworks */ = {
			isa = PBXFrameworksBuildPhase;
			buildActionMask = 2147483647;
			files = (
			);
			runOnlyForDeploymentPostprocessing = 0;
		};
/* End PBXFrameworksBuildPhase section */

/* Begin PBXGroup section */
		B615F9B71E76ED2D00AC681A = {
			isa = PBXGroup;
			children = (
				B615F9C21E76ED2D00AC681A /* ObjcClassTree */,
				B615F9C11E76ED2D00AC681A /* Products */,
			);
			sourceTree = "<group>";
		};
		B615F9C11E76ED2D00AC681A /* Products */ = {
			isa = PBXGroup;
			children = (
				B615F9C01E76ED2D00AC681A /* ObjcClassTree */,
			);
			name = Products;
			sourceTree = "<group>";
		};
		B615F9C21E76ED2D00AC681A /* ObjcClassTree */ = {
			isa = PBXGroup;
			children = (
				B615F9C31E76ED2D00AC681A /* main.m */,
				B615F9CD1E76EDA600AC681A /* ClassNode.h */,
				B615F9CE1E76EDA600AC681A /* ClassNode.m */,
				B615F9D01E76F1DA00AC681A /* ClassManager.h */,
				B615F9D11E76F1DA00AC681A /* ClassManager.m */,
			);
			path = ObjcClassTree;
			sourceTree = "<group>";
		};
/* End PBXGroup section */

/* Begin PBXNativeTarget section */
		B615F9BF1E76ED2D00AC681A /* ObjcClassTree */ = {
			isa = PBXNativeTarget;
			buildConfigurationList = B615F9C71E76ED2D00AC681A /* Build configuration list for PBXNativeTarget "ObjcClassTree" */;
			buildPhases = (
				B615F9BC1E76ED2D00AC681A /* Sources */,
				B615F9BD1E76ED2D00AC681A /* Frameworks */,
				B615F9BE1E76ED2D00AC681A /* CopyFiles */,
			);
			buildRules = (
			);
			dependencies = (
			);
			name = ObjcClassTree;
			productName = ObjcClassTree;
			productReference = B615F9C01E76ED2D00AC681A /* ObjcClassTree */;
			productType = "com.apple.product-type.tool";
		};
/* End PBXNativeTarget section */

/* Begin PBXProject section */
		B615F9B81E76ED2D00AC681A /* Project object */ = {
			isa = PBXProject;
			attributes = {
				LastUpgradeCheck = 0820;
				ORGANIZATIONNAME = "Ming Yi Chen";
				TargetAttributes = {
					B615F9BF1E76ED2D00AC681A = {
						CreatedOnToolsVersion = 8.2.1;
						DevelopmentTeam = 2V2W2494TP;
						ProvisioningStyle = Automatic;
					};
				};
			};
			buildConfigurationList = B615F9BB1E76ED2D00AC681A /* Build configuration list for PBXProject "ObjcClassTree" */;
			compatibilityVersion = "Xcode 3.2";
			developmentRegion = English;
			hasScannedForEncodings = 0;
			knownRegions = (
				en,
			);
			mainGroup = B615F9B71E76ED2D00AC681A;
			productRefGroup = B615F9C11E76ED2D00AC681A /* Products */;
			projectDirPath = "";
			projectRoot = "";
			targets = (
				B615F9BF1E76ED2D00AC681A /* ObjcClassTree */,
			);
		};
/* End PBXProject section */

/* Begin PBXSourcesBuildPhase section */
		B615F9BC1E76ED2D00AC681A /* Sources */ = {
			isa = PBXSourcesBuildPhase;
			buildActionMask = 2147483647;
			files = (
				B615F9CF1E76EDA600AC681A /* ClassNode.m in Sources */,
				B615F9D21E76F1DA00AC681A /* ClassManager.m in Sources */,
				B615F9C41E76ED2D00AC681A /* main.m in Sources */,
			);
			runOnlyForDeploymentPostprocessing = 0;
		};
/* End PBXSourcesBuildPhase section */

/* Begin XCBuildConfiguration section */
		B615F9C51E76ED2D00AC681A /* Debug */ = {
			isa = XCBuildConfiguration;
			buildSettings = {
				ALWAYS_SEARCH_USER_PATHS = NO;
				CLANG_ANALYZER_NONNULL = YES;
				CLANG_CXX_LANGUAGE_STANDARD = "gnu++0x";
				CLANG_CXX_LIBRARY = "libc++";
				CLANG_ENABLE_MODULES = YES;
				CLANG_ENABLE_OBJC_ARC = YES;
				CLANG_WARN_BOOL_CONVERSION = YES;
				CLANG_WARN_CONSTANT_CONVERSION = YES;
				CLANG_WARN_DIRECT_OBJC_ISA_USAGE = YES_ERROR;
				CLANG_WARN_DOCUMENTATION_COMMENTS = YES;
				CLANG_WARN_EMPTY_BODY = YES;
				CLANG_WARN_ENUM_CONVERSION = YES;
				CLANG_WARN_INFINITE_RECURSION = YES;
				CLANG_WARN_INT_CONVERSION = YES;
				CLANG_WARN_OBJC_ROOT_CLASS = YES_ERROR;
				CLANG_WARN_SUSPICIOUS_MOVE = YES;
				CLANG_WARN_UNREACHABLE_CODE = YES;
				CLANG_WARN__DUPLICATE_METHOD_MATCH = YES;
				CODE_SIGN_IDENTITY = "-";
				COPY_PHASE_STRIP = NO;
				DEBUG_INFORMATION_FORMAT = dwarf;
				ENABLE_STRICT_OBJC_MSGSEND = YES;
				ENABLE_TESTABILITY = YES;
				GCC_C_LANGUAGE_STANDARD = gnu99;
				GCC_DYNAMIC_NO_PIC = NO;
				GCC_NO_COMMON_BLOCKS = YES;
				GCC_OPTIMIZATION_LEVEL = 0;
				GCC_PREPROCESSOR_DEFINITIONS = (
					"DEBUG=1",
					"$(inherited)",
				);
				GCC_WARN_64_TO_32_BIT_CONVERSION = YES;
				GCC_WARN_ABOUT_RETURN_TYPE = YES_ERROR;
				GCC_WARN_UNDECLARED_SELECTOR = YES;
				GCC_WARN_UNINITIALIZED_AUTOS = YES_AGGRESSIVE;
				GCC_WARN_UNUSED_FUNCTION = YES;
				GCC_WARN_UNUSED_VARIABLE = YES;
				MACOSX_DEPLOYMENT_TARGET = 10.12;
				MTL_ENABLE_DEBUG_INFO = YES;
				ONLY_ACTIVE_ARCH = YES;
				SDKROOT = macosx;
			};
			name = Debug;
		};
		B615F9C61E76ED2D00AC681A /* Release */ = {
			isa = XCBuildConfiguration;
			buildSettings = {
				ALWAYS_SEARCH_USER_PATHS = NO;
				CLANG_ANALYZER_NONNULL = YES;
				CLANG_CXX_LANGUAGE_STANDARD = "gnu++0x";
				CLANG_CXX_LIBRARY = "libc++";
				CLANG_ENABLE_MODULES = YES;
				CLANG_ENABLE_OBJC_ARC = YES;
				CLANG_WARN_BOOL_CONVERSION = YES;
				CLANG_WARN_CONSTANT_CONVERSION = YES;
				CLANG_WARN_DIRECT_OBJC_ISA_USAGE = YES_ERROR;
				CLANG_WARN_DOCUMENTATION_COMMENTS = YES;
				CLANG_WARN_EMPTY_BODY = YES;
				CLANG_WARN_ENUM_CONVERSION = YES;
				CLANG_WARN_INFINITE_RECURSION = YES;
				CLANG_WARN_INT_CONVERSION = YES;
				CLANG_WARN_OBJC_ROOT_CLASS = YES_ERROR;
				CLANG_WARN_SUSPICIOUS_MOVE = YES;
				CLANG_WARN_UNREACHABLE_CODE = YES;
				CLANG_WARN__DUPLICATE_METHOD_MATCH = YES;
				CODE_SIGN_IDENTITY = "-";
				COPY_PHASE_STRIP = NO;
				DEBUG_INFORMATION_FORMAT = "dwarf-with-dsym";
				ENABLE_NS_ASSERTIONS = NO;
				ENABLE_STRICT_OBJC_MSGSEND = YES;
				GCC_C_LANGUAGE_STANDARD = gnu99;
				GCC_NO_COMMON_BLOCKS = YES;
				GCC_WARN_64_TO_32_BIT_CONVERSION = YES;
				GCC_WARN_ABOUT_RETURN_TYPE = YES_ERROR;
				GCC_WARN_UNDECLARED_SELECTOR = YES;
				GCC_WARN_UNINITIALIZED_AUTOS = YES_AGGRESSIVE;
				GCC_WARN_UNUSED_FUNCTION = YES;
				GCC_WARN_UNUSED_VARIABLE = YES;
				MACOSX_DEPLOYMENT_TARGET = 10.12;
				MTL_ENABLE_DEBUG_INFO = NO;
				SDKROOT = macosx;
			};
			name = Release;
		};
		B615F9C81E76ED2D00AC681A /* Debug */ = {
			isa = XCBuildConfiguration;
			buildSettings = {
				DEVELOPMENT_TEAM = 2V2W2494TP;
				PRODUCT_NAME = "$(TARGET_NAME)";
			};
			name = Debug;
		};
		B615F9C91E76ED2D00AC681A /* Release */ = {
			isa = XCBuildConfiguration;
			buildSettings = {
				DEVELOPMENT_TEAM = 2V2W2494TP;
				PRODUCT_NAME = "$(TARGET_NAME)";
			};
			name = Release;
		};
/* End XCBuildConfiguration section */

/* Begin XCConfigurationList section */
		B615F9BB1E76ED2D00AC681A /* Build configuration list for PBXProject "ObjcClassTree" */ = {
			isa = XCConfigurationList;
			buildConfigurations = (
				B615F9C51E76ED2D00AC681A /* Debug */,
				B615F9C61E76ED2D00AC681A /* Release */,
			);
			defaultConfigurationIsVisible = 0;
			defaultConfigurationName = Release;
		};
		B615F9C71E76ED2D00AC681A /* Build configuration list for PBXNativeTarget "ObjcClassTree" */ = {
			isa = XCConfigurationList;
			buildConfigurations = (
				B615F9C81E76ED2D00AC681A /* Debug */,
				B615F9C91E76ED2D00AC681A /* Release */,
			);
			defaultConfigurationIsVisible = 0;
		};
/* End XCConfigurationList section */
	};
	rootObject = B615F9B81E76ED2D00AC681A /* Project object */;
}
